{
  "requires": true,
  "lockfileVersion": 1,
  "dependencies": {
    "cheetah-grid": {
      "version": "1.0.0",
      "resolved": "https://registry.npmjs.org/cheetah-grid/-/cheetah-grid-1.0.0.tgz",
      "integrity": "sha512-3106XMxG8p9+l4t6kKMZSiJhiFVA7yJ+NvhhUotcEgMIp7nNF0MqQFdzUf9cbI+cd4Xj/1HA4uVNkI3KAdRwgA=="
    }
  }
}
